# Generated by pub
# See https://dart.dev/tools/pub/glossary#lockfile
packages:
  _flutterfire_internals:
    dependency: transitive
    description:
      name: _flutterfire_internals
      sha256: "4eec93681221723a686ad580c2e7d960e1017cf1a4e0a263c2573c2c6b0bf5cd"
      url: "https://pub.dev"
    source: hosted
    version: "1.3.25"
  ansicolor:
    dependency: transitive
    description:
      name: ansicolor
      sha256: "50e982d500bc863e1d703448afdbf9e5a72eb48840a4f766fa361ffd6877055f"
      url: "https://pub.dev"
    source: hosted
    version: "2.0.3"
  app_settings:
    dependency: "direct main"
    description:
      name: app_settings
      sha256: "09bc7fe0313a507087bec1a3baf555f0576e816a760cbb31813a88890a09d9e5"
      url: "https://pub.dev"
    source: hosted
    version: "5.1.1"
  archive:
    dependency: transitive
    description:
      name: archive
      sha256: cb6a278ef2dbb298455e1a713bda08524a175630ec643a242c399c932a0a1f7d
      url: "https://pub.dev"
    source: hosted
    version: "3.6.1"
  args:
    dependency: transitive
    description:
      name: args
      sha256: "7cf60b9f0cc88203c5a190b4cd62a99feea42759a7fa695010eb5de1c0b2252a"
      url: "https://pub.dev"
    source: hosted
    version: "2.5.0"
  async:
    dependency: transitive
    description:
      name: async
      sha256: "947bfcf187f74dbc5e146c9eb9c0f10c9f8b30743e341481c1e2ed3ecc18c20c"
      url: "https://pub.dev"
    source: hosted
    version: "2.11.0"
  boolean_selector:
    dependency: transitive
    description:
      name: boolean_selector
      sha256: "6cfb5af12253eaf2b368f07bacc5a80d1301a071c73360d746b7f2e32d762c66"
      url: "https://pub.dev"
    source: hosted
    version: "2.1.1"
  camera:
    dependency: "direct main"
    description:
      name: camera
      sha256: "2170a943dcb67be2af2c6bcda8775e74b41d4c02d6a4eb10bdc832ee185c4eea"
      url: "https://pub.dev"
    source: hosted
    version: "0.11.0+1"
  camera_android_camerax:
    dependency: transitive
    description:
      name: camera_android_camerax
      sha256: "59967e6d80df9d682a33b86f228cc524e6b52d6184b84f6ac62151dd98bd1ea0"
      url: "https://pub.dev"
    source: hosted
    version: "0.6.5+2"
  camera_avfoundation:
    dependency: transitive
    description:
      name: camera_avfoundation
      sha256: "7c28969a975a7eb2349bc2cb2dfe3ad218a33dba9968ecfb181ce08c87486655"
      url: "https://pub.dev"
    source: hosted
    version: "0.9.17+3"
  camera_platform_interface:
    dependency: transitive
    description:
      name: camera_platform_interface
      sha256: b3ede1f171532e0d83111fe0980b46d17f1aa9788a07a2fbed07366bbdbb9061
      url: "https://pub.dev"
    source: hosted
    version: "2.8.0"
  camera_web:
    dependency: transitive
    description:
      name: camera_web
      sha256: b9235ec0a2ce949daec546f1f3d86f05c3921ed31c7d9ab6b7c03214d152fc2d
      url: "https://pub.dev"
    source: hosted
    version: "0.3.4"
  characters:
    dependency: transitive
    description:
      name: characters
      sha256: "04a925763edad70e8443c99234dc3328f442e811f1d8fd1a72f1c8ad0f69a605"
      url: "https://pub.dev"
    source: hosted
    version: "1.3.0"
  checked_yaml:
    dependency: transitive
    description:
      name: checked_yaml
      sha256: feb6bed21949061731a7a75fc5d2aa727cf160b91af9a3e464c5e3a32e28b5ff
      url: "https://pub.dev"
    source: hosted
    version: "2.0.3"
  cli_util:
    dependency: transitive
    description:
      name: cli_util
      sha256: c05b7406fdabc7a49a3929d4af76bcaccbbffcbcdcf185b082e1ae07da323d19
      url: "https://pub.dev"
    source: hosted
    version: "0.4.1"
  clock:
    dependency: transitive
    description:
      name: clock
      sha256: cb6d7f03e1de671e34607e909a7213e31d7752be4fb66a86d29fe1eb14bfb5cf
      url: "https://pub.dev"
    source: hosted
    version: "1.1.1"
  cloud_firestore:
    dependency: "direct main"
    description:
      name: cloud_firestore
      sha256: "31cfa4d65d6e9ea837234fffe121304034c30c9214c06207b4a35867e3757900"
      url: "https://pub.dev"
    source: hosted
    version: "4.15.8"
  cloud_firestore_platform_interface:
    dependency: transitive
    description:
      name: cloud_firestore_platform_interface
      sha256: a0097a26569b015faf8142e159e855241609ea9a1738b5fd1c40bfe8411b41a0
      url: "https://pub.dev"
    source: hosted
    version: "6.1.9"
  cloud_firestore_web:
    dependency: transitive
    description:
      name: cloud_firestore_web
      sha256: ed680ece29a5750985119c09cdc276b460c3a2fa80e8c12f9b7241f6b4a7ca16
      url: "https://pub.dev"
    source: hosted
    version: "3.10.8"
  collection:
    dependency: transitive
    description:
      name: collection
      sha256: ee67cb0715911d28db6bf4af1026078bd6f0128b07a5f66fb2ed94ec6783c09a
      url: "https://pub.dev"
    source: hosted
    version: "1.18.0"
  confetti:
    dependency: "direct main"
    description:
      name: confetti
      sha256: "79376a99648efbc3f23582f5784ced0fe239922bd1a0fb41f582051eba750751"
      url: "https://pub.dev"
    source: hosted
    version: "0.8.0"
  cross_file:
    dependency: transitive
    description:
      name: cross_file
      sha256: fedaadfa3a6996f75211d835aaeb8fede285dae94262485698afd832371b9a5e
      url: "https://pub.dev"
    source: hosted
    version: "0.3.3+8"
  crypto:
    dependency: transitive
    description:
      name: crypto
      sha256: ff625774173754681d66daaf4a448684fb04b78f902da9cb3d308c19cc5e8bab
      url: "https://pub.dev"
    source: hosted
    version: "3.0.3"
  csslib:
    dependency: transitive
    description:
      name: csslib
      sha256: "09bad715f418841f976c77db72d5398dc1253c21fb9c0c7f0b0b985860b2d58e"
      url: "https://pub.dev"
    source: hosted
    version: "1.0.2"
  cupertino_icons:
    dependency: "direct main"
    description:
      name: cupertino_icons
      sha256: ba631d1c7f7bef6b729a622b7b752645a2d076dba9976925b8f25725a30e1ee6
      url: "https://pub.dev"
    source: hosted
    version: "1.0.8"
  fake_async:
    dependency: transitive
    description:
      name: fake_async
      sha256: "511392330127add0b769b75a987850d136345d9227c6b94c96a04cf4a391bf78"
      url: "https://pub.dev"
    source: hosted
    version: "1.3.1"
  favorite_button:
    dependency: "direct main"
    description:
      name: favorite_button
      sha256: b7533330b7e5592567c4cce5f475ecc19ef1e77aa48c77f43726f7b8150a3e2c
      url: "https://pub.dev"
    source: hosted
    version: "0.0.4"
  ffi:
    dependency: transitive
    description:
      name: ffi
      sha256: "7bf0adc28a23d395f19f3f1eb21dd7cfd1dd9f8e1c50051c069122e6853bc878"
      url: "https://pub.dev"
    source: hosted
    version: "2.1.0"
  file_selector_linux:
    dependency: transitive
    description:
      name: file_selector_linux
      sha256: "045d372bf19b02aeb69cacf8b4009555fb5f6f0b7ad8016e5f46dd1387ddd492"
      url: "https://pub.dev"
    source: hosted
    version: "0.9.2+1"
  file_selector_macos:
    dependency: transitive
    description:
      name: file_selector_macos
      sha256: f42eacb83b318e183b1ae24eead1373ab1334084404c8c16e0354f9a3e55d385
      url: "https://pub.dev"
    source: hosted
    version: "0.9.4"
  file_selector_platform_interface:
    dependency: transitive
    description:
      name: file_selector_platform_interface
      sha256: a3994c26f10378a039faa11de174d7b78eb8f79e4dd0af2a451410c1a5c3f66b
      url: "https://pub.dev"
    source: hosted
    version: "2.6.2"
  file_selector_windows:
    dependency: transitive
    description:
      name: file_selector_windows
      sha256: "2ad726953f6e8affbc4df8dc78b77c3b4a060967a291e528ef72ae846c60fb69"
      url: "https://pub.dev"
    source: hosted
    version: "0.9.3+2"
  firebase_auth:
    dependency: "direct main"
    description:
      name: firebase_auth
      sha256: "17b841e1b000c3441b8ffceca88f468e078d0443db9643e77541bdfb7a3fd16b"
      url: "https://pub.dev"
    source: hosted
    version: "4.17.8"
  firebase_auth_platform_interface:
    dependency: transitive
    description:
      name: firebase_auth_platform_interface
      sha256: f294ceef40409a36c819a14280ca864fe487b44033e5276443377c66cb448310
      url: "https://pub.dev"
    source: hosted
    version: "7.1.8"
  firebase_auth_web:
    dependency: transitive
    description:
      name: firebase_auth_web
      sha256: "1f231da900fe7ff9f2974f8adcbdb3363c410c24725978afa5dc33e1e7e62e06"
      url: "https://pub.dev"
    source: hosted
    version: "5.9.8"
  firebase_core:
    dependency: "direct main"
    description:
      name: firebase_core
      sha256: "53316975310c8af75a96e365f9fccb67d1c544ef0acdbf0d88bbe30eedd1c4f9"
      url: "https://pub.dev"
    source: hosted
    version: "2.27.0"
  firebase_core_platform_interface:
    dependency: transitive
    description:
      name: firebase_core_platform_interface
      sha256: e30da58198a6d4b49d5bce4e852f985c32cb10db329ebef9473db2b9f09ce810
      url: "https://pub.dev"
    source: hosted
    version: "5.3.0"
  firebase_core_web:
    dependency: transitive
    description:
      name: firebase_core_web
      sha256: c8e1d59385eee98de63c92f961d2a7062c5d9a65e7f45bdc7f1b0b205aab2492
      url: "https://pub.dev"
    source: hosted
    version: "2.11.5"
  firebase_storage:
    dependency: "direct main"
    description:
      name: firebase_storage
      sha256: ce1b0efe8dc111058c5f079b2f2ce84906d030d0fd2eef70c42ca1253c67039a
      url: "https://pub.dev"
    source: hosted
    version: "11.6.9"
  firebase_storage_platform_interface:
    dependency: transitive
    description:
      name: firebase_storage_platform_interface
      sha256: "4a2b64d4dac096390a0b7f2e7b6d086d0546c4a1bf7ee3fc4b5ae4cc41005c46"
      url: "https://pub.dev"
    source: hosted
    version: "5.1.12"
  firebase_storage_web:
    dependency: transitive
    description:
      name: firebase_storage_web
      sha256: "4153814db8d59138e816d9f016736e4095c45675a2c18f2868d11ffd8cc6a4ca"
      url: "https://pub.dev"
    source: hosted
    version: "3.7.3"
  fixnum:
    dependency: transitive
    description:
      name: fixnum
      sha256: b6dc7065e46c974bc7c5f143080a6764ec7a4be6da1285ececdc37be96de53be
      url: "https://pub.dev"
    source: hosted
    version: "1.1.1"
  flutter:
    dependency: "direct main"
    description: flutter
    source: sdk
    version: "0.0.0"
  flutter_launcher_icons:
    dependency: "direct dev"
    description:
      name: flutter_launcher_icons
      sha256: "526faf84284b86a4cb36d20a5e45147747b7563d921373d4ee0559c54fcdbcea"
      url: "https://pub.dev"
    source: hosted
    version: "0.13.1"
  flutter_native_splash:
    dependency: "direct main"
    description:
      name: flutter_native_splash
      sha256: "558f10070f03ee71f850a78f7136ab239a67636a294a44a06b6b7345178edb1e"
      url: "https://pub.dev"
    source: hosted
    version: "2.3.10"
  flutter_plugin_android_lifecycle:
    dependency: transitive
    description:
      name: flutter_plugin_android_lifecycle
      sha256: "8cf40eebf5dec866a6d1956ad7b4f7016e6c0cc69847ab946833b7d43743809f"
      url: "https://pub.dev"
    source: hosted
    version: "2.0.19"
  flutter_test:
    dependency: "direct dev"
    description: flutter
    source: sdk
    version: "0.0.0"
  flutter_web_plugins:
    dependency: transitive
    description: flutter
    source: sdk
    version: "0.0.0"
  font_awesome_flutter:
    dependency: "direct main"
    description:
      name: font_awesome_flutter
      sha256: d3a89184101baec7f4600d58840a764d2ef760fe1c5a20ef9e6b0e9b24a07a3a
      url: "https://pub.dev"
    source: hosted
    version: "10.8.0"
  geolocator:
    dependency: "direct main"
    description:
      name: geolocator
      sha256: "6cb9fb6e5928b58b9a84bdf85012d757fd07aab8215c5205337021c4999bad27"
      url: "https://pub.dev"
    source: hosted
    version: "11.1.0"
  geolocator_android:
    dependency: transitive
    description:
      name: geolocator_android
      sha256: "7aefc530db47d90d0580b552df3242440a10fe60814496a979aa67aa98b1fd47"
      url: "https://pub.dev"
    source: hosted
    version: "4.6.1"
  geolocator_apple:
    dependency: transitive
    description:
      name: geolocator_apple
      sha256: bc2aca02423ad429cb0556121f56e60360a2b7d694c8570301d06ea0c00732fd
      url: "https://pub.dev"
    source: hosted
    version: "2.3.7"
  geolocator_platform_interface:
    dependency: transitive
    description:
      name: geolocator_platform_interface
      sha256: "386ce3d9cce47838355000070b1d0b13efb5bc430f8ecda7e9238c8409ace012"
      url: "https://pub.dev"
    source: hosted
    version: "4.2.4"
  geolocator_web:
    dependency: transitive
    description:
      name: geolocator_web
      sha256: "49d8f846ebeb5e2b6641fe477a7e97e5dd73f03cbfef3fd5c42177b7300fb0ed"
      url: "https://pub.dev"
    source: hosted
    version: "3.0.0"
  geolocator_windows:
    dependency: transitive
    description:
      name: geolocator_windows
      sha256: "53da08937d07c24b0d9952eb57a3b474e29aae2abf9dd717f7e1230995f13f0e"
      url: "https://pub.dev"
    source: hosted
    version: "0.2.3"
  google_fonts:
    dependency: "direct main"
    description:
      name: google_fonts
      sha256: e20ff62b158b96f392bfc8afe29dee1503c94fbea2cbe8186fd59b756b8ae982
      url: "https://pub.dev"
    source: hosted
    version: "5.1.0"
  google_identity_services_web:
    dependency: transitive
    description:
      name: google_identity_services_web
      sha256: "0c56c2c5d60d6dfaf9725f5ad4699f04749fb196ee5a70487a46ef184837ccf6"
      url: "https://pub.dev"
    source: hosted
    version: "0.3.0+2"
  google_maps:
    dependency: transitive
    description:
      name: google_maps
      sha256: "555d5d736339b0478e821167ac521c810d7b51c3b2734e6802a9f046b64ea37a"
      url: "https://pub.dev"
    source: hosted
    version: "6.3.0"
  google_maps_cluster_manager:
    dependency: "direct main"
    description:
      name: google_maps_cluster_manager
      sha256: "36e9a4b2d831c470fc85d692a6c9cec70e0f385d578b9697de5f4de347561b83"
      url: "https://pub.dev"
    source: hosted
    version: "3.1.0"
  google_maps_flutter:
    dependency: "direct main"
    description:
      name: google_maps_flutter
      sha256: ae66fef3e71261d7df2eff29b2a119e190b2884325ecaa55321b1e17b5504066
      url: "https://pub.dev"
    source: hosted
    version: "2.5.3"
  google_maps_flutter_android:
    dependency: transitive
    description:
      name: google_maps_flutter_android
      sha256: "714530f865f13bb3b9505c58821c3baed5d247a871724acf5d2ea5808fbed02c"
      url: "https://pub.dev"
    source: hosted
    version: "2.6.2"
  google_maps_flutter_ios:
    dependency: transitive
    description:
      name: google_maps_flutter_ios
      sha256: "29503b5159da2308a66212c3827963998bfb943ba073e2114fb2d486b47fd2c8"
      url: "https://pub.dev"
    source: hosted
    version: "2.4.2"
  google_maps_flutter_platform_interface:
    dependency: "direct main"
    description:
      name: google_maps_flutter_platform_interface
      sha256: "6060779f020638a8eedeb0fb14234818e5fa32ec45a4653d6428ab436e2bbc64"
      url: "https://pub.dev"
    source: hosted
    version: "2.4.3"
  google_maps_flutter_web:
    dependency: transitive
    description:
      name: google_maps_flutter_web
      sha256: "6245721c160d6f531c1ef568cf9bef8d660cd585a982aa75121269030163785a"
      url: "https://pub.dev"
    source: hosted
    version: "0.5.4+3"
  google_sign_in:
    dependency: "direct main"
    description:
      name: google_sign_in
      sha256: "0b8787cb9c1a68ad398e8010e8c8766bfa33556d2ab97c439fb4137756d7308f"
      url: "https://pub.dev"
    source: hosted
    version: "6.2.1"
  google_sign_in_android:
    dependency: transitive
    description:
      name: google_sign_in_android
      sha256: "7647893c65e6720973f0e579051c8f84b877b486614d9f70a404259c41a4632e"
      url: "https://pub.dev"
    source: hosted
    version: "6.1.23"
  google_sign_in_ios:
    dependency: transitive
    description:
      name: google_sign_in_ios
      sha256: a058c9880be456f21e2e8571c1126eaacd570bdc5b6c6d9d15aea4bdf22ca9fe
      url: "https://pub.dev"
    source: hosted
    version: "5.7.6"
  google_sign_in_platform_interface:
    dependency: transitive
    description:
      name: google_sign_in_platform_interface
      sha256: "1f6e5787d7a120cc0359ddf315c92309069171306242e181c09472d1b00a2971"
      url: "https://pub.dev"
    source: hosted
    version: "2.4.5"
  google_sign_in_web:
    dependency: transitive
    description:
      name: google_sign_in_web
      sha256: a278ea2d01013faf341cbb093da880d0f2a552bbd1cb6ee90b5bebac9ba69d77
      url: "https://pub.dev"
    source: hosted
    version: "0.12.3+2"
  html:
    dependency: transitive
    description:
      name: html
      sha256: "1fc58edeaec4307368c60d59b7e15b9d658b57d7f3125098b6294153c75337ec"
      url: "https://pub.dev"
    source: hosted
    version: "0.15.5"
  http:
    dependency: transitive
    description:
      name: http
      sha256: a2bbf9d017fcced29139daa8ed2bba4ece450ab222871df93ca9eec6f80c34ba
      url: "https://pub.dev"
    source: hosted
    version: "1.2.0"
  http_parser:
    dependency: transitive
    description:
      name: http_parser
      sha256: "2aa08ce0341cc9b354a498388e30986515406668dbcc4f7c950c3e715496693b"
      url: "https://pub.dev"
    source: hosted
    version: "4.0.2"
  image:
    dependency: transitive
    description:
      name: image
      sha256: f31d52537dc417fdcde36088fdf11d191026fd5e4fae742491ebd40e5a8bea7d
      url: "https://pub.dev"
    source: hosted
    version: "4.3.0"
  image_picker:
    dependency: "direct main"
    description:
      name: image_picker
      sha256: "1f498d086203360cca099d20ffea2963f48c39ce91bdd8a3b6d4a045786b02c8"
      url: "https://pub.dev"
    source: hosted
    version: "1.0.8"
  image_picker_android:
    dependency: transitive
    description:
      name: image_picker_android
      sha256: "844c6da4e4f2829dffdab97816bca09d0e0977e8dcef7450864aba4e07967a58"
      url: "https://pub.dev"
    source: hosted
    version: "0.8.9+6"
  image_picker_for_web:
    dependency: transitive
    description:
      name: image_picker_for_web
      sha256: e2423c53a68b579a7c37a1eda967b8ae536c3d98518e5db95ca1fe5719a730a3
      url: "https://pub.dev"
    source: hosted
    version: "3.0.2"
  image_picker_ios:
    dependency: transitive
    description:
      name: image_picker_ios
      sha256: "917a5cadd67d052554cfb258595e54217de53fac5b52939426e26319a02e6297"
      url: "https://pub.dev"
    source: hosted
    version: "0.8.9+2"
  image_picker_linux:
    dependency: transitive
    description:
      name: image_picker_linux
      sha256: "4ed1d9bb36f7cd60aa6e6cd479779cc56a4cb4e4de8f49d487b1aaad831300fa"
      url: "https://pub.dev"
    source: hosted
    version: "0.2.1+1"
  image_picker_macos:
    dependency: transitive
    description:
      name: image_picker_macos
      sha256: "3f5ad1e8112a9a6111c46d0b57a7be2286a9a07fc6e1976fdf5be2bd31d4ff62"
      url: "https://pub.dev"
    source: hosted
    version: "0.2.1+1"
  image_picker_platform_interface:
    dependency: transitive
    description:
      name: image_picker_platform_interface
      sha256: fa4e815e6fcada50e35718727d83ba1c92f1edf95c0b4436554cec301b56233b
      url: "https://pub.dev"
    source: hosted
    version: "2.9.3"
  image_picker_windows:
    dependency: transitive
    description:
      name: image_picker_windows
      sha256: "6ad07afc4eb1bc25f3a01084d28520496c4a3bb0cb13685435838167c9dcedeb"
      url: "https://pub.dev"
    source: hosted
    version: "0.2.1+1"
  intl:
    dependency: "direct main"
    description:
      name: intl
      sha256: d6f56758b7d3014a48af9701c085700aac781a92a87a62b1333b46d8879661cf
      url: "https://pub.dev"
    source: hosted
    version: "0.19.0"
  js:
    dependency: transitive
    description:
      name: js
      sha256: f2c445dce49627136094980615a031419f7f3eb393237e4ecd97ac15dea343f3
      url: "https://pub.dev"
    source: hosted
    version: "0.6.7"
  js_wrapping:
    dependency: transitive
    description:
      name: js_wrapping
      sha256: e385980f7c76a8c1c9a560dfb623b890975841542471eade630b2871d243851c
      url: "https://pub.dev"
    source: hosted
    version: "0.7.4"
  json_annotation:
    dependency: transitive
    description:
      name: json_annotation
      sha256: "1ce844379ca14835a50d2f019a3099f419082cfdd231cd86a142af94dd5c6bb1"
      url: "https://pub.dev"
    source: hosted
    version: "4.9.0"
  line_awesome_flutter:
    dependency: "direct main"
    description:
      name: line_awesome_flutter
      sha256: "24cef0a34816ffed9846f1793172333be50dc29678d499893b3cb38d3c53db24"
      url: "https://pub.dev"
    source: hosted
    version: "3.0.1"
  location:
    dependency: "direct main"
    description:
      name: location
      sha256: "37ffdadcd4b1498b769824f45ebb4de8ed46663a4a67ac27b33a590ee486579f"
      url: "https://pub.dev"
    source: hosted
    version: "6.0.2"
  location_platform_interface:
    dependency: transitive
    description:
      name: location_platform_interface
      sha256: "2ecde6bb0f88032b0bbbde37e18975b4468711dd92619c2235cc0c0ee93b4b8e"
      url: "https://pub.dev"
    source: hosted
    version: "4.0.0"
  location_web:
    dependency: transitive
    description:
      name: location_web
      sha256: "15ad7b4c8a9f55abee513373755e093a40c04d7e24fc1b4f89676fe99523d034"
      url: "https://pub.dev"
    source: hosted
    version: "5.0.1"
  matcher:
    dependency: transitive
    description:
      name: matcher
      sha256: "1803e76e6653768d64ed8ff2e1e67bea3ad4b923eb5c56a295c3e634bad5960e"
      url: "https://pub.dev"
    source: hosted
    version: "0.12.16"
  material_color_utilities:
    dependency: transitive
    description:
      name: material_color_utilities
      sha256: "9528f2f296073ff54cb9fee677df673ace1218163c3bc7628093e7eed5203d41"
      url: "https://pub.dev"
    source: hosted
    version: "0.5.0"
  meta:
    dependency: transitive
    description:
      name: meta
      sha256: a6e590c838b18133bb482a2745ad77c5bb7715fb0451209e1a7567d416678b8e
      url: "https://pub.dev"
    source: hosted
    version: "1.10.0"
  mime:
    dependency: transitive
    description:
      name: mime
      sha256: "801fd0b26f14a4a58ccb09d5892c3fbdeff209594300a542492cf13fba9d247a"
      url: "https://pub.dev"
    source: hosted
    version: "1.0.6"
  nested:
    dependency: transitive
    description:
      name: nested
      sha256: "03bac4c528c64c95c722ec99280375a6f2fc708eec17c7b3f07253b626cd2a20"
      url: "https://pub.dev"
    source: hosted
    version: "1.0.0"
  path:
    dependency: "direct main"
    description:
      name: path
      sha256: "8829d8a55c13fc0e37127c29fedf290c102f4e40ae94ada574091fe0ff96c917"
      url: "https://pub.dev"
    source: hosted
    version: "1.8.3"
  path_provider:
    dependency: "direct main"
    description:
      name: path_provider
      sha256: fec0d61223fba3154d87759e3cc27fe2c8dc498f6386c6d6fc80d1afdd1bf378
      url: "https://pub.dev"
    source: hosted
    version: "2.1.4"
  path_provider_android:
    dependency: transitive
    description:
      name: path_provider_android
      sha256: a248d8146ee5983446bf03ed5ea8f6533129a12b11f12057ad1b4a67a2b3b41d
      url: "https://pub.dev"
    source: hosted
    version: "2.2.4"
  path_provider_foundation:
    dependency: transitive
    description:
      name: path_provider_foundation
      sha256: f234384a3fdd67f989b4d54a5d73ca2a6c422fa55ae694381ae0f4375cd1ea16
      url: "https://pub.dev"
    source: hosted
    version: "2.4.0"
  path_provider_linux:
    dependency: transitive
    description:
      name: path_provider_linux
      sha256: f7a1fe3a634fe7734c8d3f2766ad746ae2a2884abe22e241a8b301bf5cac3279
      url: "https://pub.dev"
    source: hosted
    version: "2.2.1"
  path_provider_platform_interface:
    dependency: transitive
    description:
      name: path_provider_platform_interface
      sha256: "88f5779f72ba699763fa3a3b06aa4bf6de76c8e5de842cf6f29e2e06476c2334"
      url: "https://pub.dev"
    source: hosted
    version: "2.1.2"
  path_provider_windows:
    dependency: transitive
    description:
      name: path_provider_windows
      sha256: bd6f00dbd873bfb70d0761682da2b3a2c2fccc2b9e84c495821639601d81afe7
      url: "https://pub.dev"
    source: hosted
    version: "2.3.0"
  permission_handler:
    dependency: "direct main"
    description:
      name: permission_handler
      sha256: "18bf33f7fefbd812f37e72091a15575e72d5318854877e0e4035a24ac1113ecb"
      url: "https://pub.dev"
    source: hosted
    version: "11.3.1"
  permission_handler_android:
    dependency: transitive
    description:
      name: permission_handler_android
      sha256: "71bbecfee799e65aff7c744761a57e817e73b738fedf62ab7afd5593da21f9f1"
      url: "https://pub.dev"
    source: hosted
    version: "12.0.13"
  permission_handler_apple:
    dependency: transitive
    description:
      name: permission_handler_apple
      sha256: e6f6d73b12438ef13e648c4ae56bd106ec60d17e90a59c4545db6781229082a0
      url: "https://pub.dev"
    source: hosted
    version: "9.4.5"
  permission_handler_html:
    dependency: transitive
    description:
      name: permission_handler_html
      sha256: "54bf176b90f6eddd4ece307e2c06cf977fb3973719c35a93b85cc7093eb6070d"
      url: "https://pub.dev"
    source: hosted
    version: "0.1.1"
  permission_handler_platform_interface:
    dependency: transitive
    description:
      name: permission_handler_platform_interface
      sha256: e9c8eadee926c4532d0305dff94b85bf961f16759c3af791486613152af4b4f9
      url: "https://pub.dev"
    source: hosted
    version: "4.2.3"
  permission_handler_windows:
    dependency: transitive
    description:
      name: permission_handler_windows
      sha256: "1a790728016f79a41216d88672dbc5df30e686e811ad4e698bfc51f76ad91f1e"
      url: "https://pub.dev"
    source: hosted
    version: "0.2.1"
  petitparser:
    dependency: transitive
    description:
      name: petitparser
      sha256: c15605cd28af66339f8eb6fbe0e541bfe2d1b72d5825efc6598f3e0a31b9ad27
      url: "https://pub.dev"
    source: hosted
    version: "6.0.2"
  platform:
    dependency: transitive
    description:
      name: platform
      sha256: "5d6b1b0036a5f331ebc77c850ebc8506cbc1e9416c27e59b439f917a902a4984"
      url: "https://pub.dev"
    source: hosted
    version: "3.1.6"
  plugin_platform_interface:
    dependency: transitive
    description:
      name: plugin_platform_interface
      sha256: "4820fbfdb9478b1ebae27888254d445073732dae3d6ea81f0b7e06d5dedc3f02"
      url: "https://pub.dev"
    source: hosted
    version: "2.1.8"
  provider:
    dependency: "direct main"
    description:
      name: provider
      sha256: c8a055ee5ce3fd98d6fc872478b03823ffdb448699c6ebdbbc71d59b596fd48c
      url: "https://pub.dev"
    source: hosted
    version: "6.1.2"
  sanitize_html:
    dependency: transitive
    description:
      name: sanitize_html
      sha256: "12669c4a913688a26555323fb9cec373d8f9fbe091f2d01c40c723b33caa8989"
      url: "https://pub.dev"
    source: hosted
    version: "2.1.0"
  sky_engine:
    dependency: transitive
    description: flutter
    source: sdk
    version: "0.0.99"
  sleek_circular_slider:
    dependency: "direct main"
    description:
      name: sleek_circular_slider
      sha256: "8844d036269a13e60dda4e16534d30d27cacaff8d2f10d042d9d61d111468b13"
      url: "https://pub.dev"
    source: hosted
    version: "2.0.1"
  source_span:
    dependency: transitive
    description:
      name: source_span
      sha256: "53e943d4206a5e30df338fd4c6e7a077e02254531b138a15aec3bd143c1a8b3c"
      url: "https://pub.dev"
    source: hosted
    version: "1.10.0"
  sprintf:
    dependency: transitive
    description:
      name: sprintf
      sha256: "1fc9ffe69d4df602376b52949af107d8f5703b77cda567c4d7d86a0693120f23"
      url: "https://pub.dev"
    source: hosted
    version: "7.0.0"
  sqflite:
    dependency: "direct main"
    description:
      name: sqflite
      sha256: a9016f495c927cb90557c909ff26a6d92d9bd54fc42ba92e19d4e79d61e798c6
      url: "https://pub.dev"
    source: hosted
    version: "2.3.2"
  sqflite_common:
    dependency: transitive
    description:
      name: sqflite_common
      sha256: "28d8c66baee4968519fb8bd6cdbedad982d6e53359091f0b74544a9f32ec72d5"
      url: "https://pub.dev"
    source: hosted
    version: "2.5.3"
  stack_trace:
    dependency: transitive
    description:
      name: stack_trace
      sha256: "73713990125a6d93122541237550ee3352a2d84baad52d375a4cad2eb9b7ce0b"
      url: "https://pub.dev"
    source: hosted
    version: "1.11.1"
  stream_channel:
    dependency: transitive
    description:
      name: stream_channel
      sha256: ba2aa5d8cc609d96bbb2899c28934f9e1af5cddbd60a827822ea467161eb54e7
      url: "https://pub.dev"
    source: hosted
    version: "2.1.2"
  stream_transform:
    dependency: transitive
    description:
      name: stream_transform
      sha256: "14a00e794c7c11aa145a170587321aedce29769c08d7f58b1d141da75e3b1c6f"
      url: "https://pub.dev"
    source: hosted
    version: "2.1.0"
  string_scanner:
    dependency: transitive
    description:
      name: string_scanner
      sha256: "556692adab6cfa87322a115640c11f13cb77b3f076ddcc5d6ae3c20242bedcde"
      url: "https://pub.dev"
    source: hosted
    version: "1.2.0"
  synchronized:
    dependency: transitive
    description:
      name: synchronized
      sha256: "539ef412b170d65ecdafd780f924e5be3f60032a1128df156adad6c5b373d558"
      url: "https://pub.dev"
    source: hosted
    version: "3.1.0+1"
  term_glyph:
    dependency: transitive
    description:
      name: term_glyph
      sha256: a29248a84fbb7c79282b40b8c72a1209db169a2e0542bce341da992fe1bc7e84
      url: "https://pub.dev"
    source: hosted
    version: "1.2.1"
  test_api:
    dependency: transitive
    description:
      name: test_api
      sha256: "5c2f730018264d276c20e4f1503fd1308dfbbae39ec8ee63c5236311ac06954b"
      url: "https://pub.dev"
    source: hosted
    version: "0.6.1"
  typed_data:
    dependency: transitive
    description:
      name: typed_data
      sha256: facc8d6582f16042dd49f2463ff1bd6e2c9ef9f3d5da3d9b087e244a7b564b3c
      url: "https://pub.dev"
    source: hosted
    version: "1.3.2"
  universal_io:
    dependency: transitive
    description:
      name: universal_io
      sha256: "1722b2dcc462b4b2f3ee7d188dad008b6eb4c40bbd03a3de451d82c78bba9aad"
      url: "https://pub.dev"
    source: hosted
    version: "2.2.2"
  uuid:
    dependency: transitive
    description:
      name: uuid
      sha256: a5be9ef6618a7ac1e964353ef476418026db906c4facdedaa299b7a2e71690ff
      url: "https://pub.dev"
    source: hosted
    version: "4.5.1"
  vector_math:
    dependency: transitive
    description:
      name: vector_math
      sha256: "80b3257d1492ce4d091729e3a67a60407d227c27241d6927be0130c98e741803"
      url: "https://pub.dev"
    source: hosted
    version: "2.1.4"
  web:
    dependency: transitive
    description:
      name: web
      sha256: afe077240a270dcfd2aafe77602b4113645af95d0ad31128cc02bce5ac5d5152
      url: "https://pub.dev"
    source: hosted
    version: "0.3.0"
  xdg_directories:
    dependency: transitive
    description:
      name: xdg_directories
      sha256: faea9dee56b520b55a566385b84f2e8de55e7496104adada9962e0bd11bcff1d
      url: "https://pub.dev"
    source: hosted
    version: "1.0.4"
  xml:
    dependency: transitive
    description:
      name: xml
      sha256: b015a8ad1c488f66851d762d3090a21c600e479dc75e68328c52774040cf9226
      url: "https://pub.dev"
    source: hosted
    version: "6.5.0"
  yaml:
    dependency: transitive
    description:
      name: yaml
      sha256: "75769501ea3489fca56601ff33454fe45507ea3bfb014161abc3b43ae25989d5"
      url: "https://pub.dev"
    source: hosted
    version: "3.1.2"
sdks:
  dart: ">=3.2.3 <4.0.0"
  flutter: ">=3.16.6"
